
Microsoft Visual Studio Solution File, Format Version 12.00
# Visual Studio 2012
Project("{FAE04EC0-301F-11D3-BF4B-00C04F79EFBC}") = "cSharpFinal", "cSharpFinal.csproj", "{22F8EC2A-7CF3-487C-9F06-EAD82CB123D2}"
EndProject
Global
	GlobalSection(SolutionConfigurationPlatforms) = preSolution
		Debug|Any CPU = Debug|Any CPU
		Release|Any CPU = Release|Any CPU
	EndGlobalSection
	GlobalSection(ProjectConfigurationPlatforms) = postSolution
		{22F8EC2A-7CF3-487C-9F06-EAD82CB123D2}.Debug|Any CPU.ActiveCfg = Debug|Any CPU
		{22F8EC2A-7CF3-487C-9F06-EAD82CB123D2}.Debug|Any CPU.Build.0 = Debug|Any CPU
		{22F8EC2A-7CF3-487C-9F06-EAD82CB123D2}.Release|Any CPU.ActiveCfg = Release|Any CPU
		{22F8EC2A-7CF3-487C-9F06-EAD82CB123D2}.Release|Any CPU.Build.0 = Release|Any CPU
	EndGlobalSection
EndGlobal
